
Microsoft Visual Studio Solution File, Format Version 12.00
# Visual Studio Version 16
VisualStudioVersion = 16.0.30804.86
MinimumVisualStudioVersion = 10.0.40219.1
Project("{FAE04EC0-301F-11D3-BF4B-00C04F79EFBC}") = "ЛР2Console", "ЛР2Console\ЛР2Console.csproj", "{779EC2AF-8C33-410A-B03D-38DD15AD96FA}"
EndProject
Global
	GlobalSection(SolutionConfigurationPlatforms) = preSolution
		Debug|Any CPU = Debug|Any CPU
		Release|Any CPU = Release|Any CPU
	EndGlobalSection
	GlobalSection(ProjectConfigurationPlatforms) = postSolution
		{779EC2AF-8C33-410A-B03D-38DD15AD96FA}.Debug|Any CPU.ActiveCfg = Debug|Any CPU
		{779EC2AF-8C33-410A-B03D-38DD15AD96FA}.Debug|Any CPU.Build.0 = Debug|Any CPU
		{779EC2AF-8C33-410A-B03D-38DD15AD96FA}.Release|Any CPU.ActiveCfg = Release|Any CPU
		{779EC2AF-8C33-410A-B03D-38DD15AD96FA}.Release|Any CPU.Build.0 = Release|Any CPU
	EndGlobalSection
	GlobalSection(SolutionProperties) = preSolution
		HideSolutionNode = FALSE
	EndGlobalSection
	GlobalSection(ExtensibilityGlobals) = postSolution
		SolutionGuid = {36563706-724B-4122-B617-8E350494A334}
	EndGlobalSection
EndGlobal
